
Microsoft Visual Studio Solution File, Format Version 12.00
# Visual Studio 2017
Project("{FAE04EC0-301F-11D3-BF4B-00C04F79EFBC}") = "AR_Whack_A_Mole", "AR_Whack_A_Mole.csproj", "{15834304-07A3-D15F-3488-D5A77131BB71}"
EndProject
Project("{FAE04EC0-301F-11D3-BF4B-00C04F79EFBC}") = "AR_Whack_A_Mole.Editor", "AR_Whack_A_Mole.Editor.csproj", "{138B8C53-0F85-3EF6-2EA8-43E396DEA6EE}"
EndProject
Global
	GlobalSection(SolutionConfigurationPlatforms) = preSolution
		Debug|Any CPU = Debug|Any CPU
		Release|Any CPU = Release|Any CPU
	EndGlobalSection
	GlobalSection(ProjectConfigurationPlatforms) = postSolution
		{15834304-07A3-D15F-3488-D5A77131BB71}.Debug|Any CPU.ActiveCfg = Debug|Any CPU
		{15834304-07A3-D15F-3488-D5A77131BB71}.Debug|Any CPU.Build.0 = Debug|Any CPU
		{15834304-07A3-D15F-3488-D5A77131BB71}.Release|Any CPU.ActiveCfg = Release|Any CPU
		{15834304-07A3-D15F-3488-D5A77131BB71}.Release|Any CPU.Build.0 = Release|Any CPU
		{138B8C53-0F85-3EF6-2EA8-43E396DEA6EE}.Debug|Any CPU.ActiveCfg = Debug|Any CPU
		{138B8C53-0F85-3EF6-2EA8-43E396DEA6EE}.Debug|Any CPU.Build.0 = Debug|Any CPU
		{138B8C53-0F85-3EF6-2EA8-43E396DEA6EE}.Release|Any CPU.ActiveCfg = Release|Any CPU
		{138B8C53-0F85-3EF6-2EA8-43E396DEA6EE}.Release|Any CPU.Build.0 = Release|Any CPU
	EndGlobalSection
	GlobalSection(SolutionProperties) = preSolution
		HideSolutionNode = FALSE
	EndGlobalSection
EndGlobal
